
Microsoft Visual Studio Solution File, Format Version 12.00
# Visual Studio Version 17
VisualStudioVersion = 17.5.002.0
MinimumVisualStudioVersion = 10.0.40219.1
Project("{9A19103F-16F7-4668-BE54-9A1E7A4F7556}") = "labwork2", "labwork2.csproj", "{B81B2160-221F-4952-B227-CCFAE1B0AC13}"
EndProject
Global
	GlobalSection(SolutionConfigurationPlatforms) = preSolution
		Debug|Any CPU = Debug|Any CPU
		Release|Any CPU = Release|Any CPU
	EndGlobalSection
	GlobalSection(ProjectConfigurationPlatforms) = postSolution
		{B81B2160-221F-4952-B227-CCFAE1B0AC13}.Debug|Any CPU.ActiveCfg = Debug|Any CPU
		{B81B2160-221F-4952-B227-CCFAE1B0AC13}.Debug|Any CPU.Build.0 = Debug|Any CPU
		{B81B2160-221F-4952-B227-CCFAE1B0AC13}.Release|Any CPU.ActiveCfg = Release|Any CPU
		{B81B2160-221F-4952-B227-CCFAE1B0AC13}.Release|Any CPU.Build.0 = Release|Any CPU
	EndGlobalSection
	GlobalSection(SolutionProperties) = preSolution
		HideSolutionNode = FALSE
	EndGlobalSection
	GlobalSection(ExtensibilityGlobals) = postSolution
		SolutionGuid = {735F4162-689D-4B7E-92BD-FBEC0F74DFC7}
	EndGlobalSection
EndGlobal
